// !$*UTF8*$!
{
	archiveVersion = 1;
	classes = {
	};
	objectVersion = 51;
	objects = {

/* Begin PBXBuildFile section */
		6855C4F97F78B38BC424D020 /* Pods_NCMBFSCalendarSample.framework in Frameworks */ = {isa = PBXBuildFile; fileRef = C127BA5735504135963F6D03 /* Pods_NCMBFSCalendarSample.framework */; };
		D1DAFAC42692010F0056A5EE /* AppDelegate.swift in Sources */ = {isa = PBXBuildFile; fileRef = D1DAFAC32692010F0056A5EE /* AppDelegate.swift */; };
		D1DAFAC62692010F0056A5EE /* SceneDelegate.swift in Sources */ = {isa = PBXBuildFile; fileRef = D1DAFAC52692010F0056A5EE /* SceneDelegate.swift */; };
		D1DAFAC82692010F0056A5EE /* ViewController.swift in Sources */ = {isa = PBXBuildFile; fileRef = D1DAFAC72692010F0056A5EE /* ViewController.swift */; };
		D1DAFACB2692010F0056A5EE /* Main.storyboard in Resources */ = {isa = PBXBuildFile; fileRef = D1DAFAC92692010F0056A5EE /* Main.storyboard */; };
		D1DAFACD269201110056A5EE /* Assets.xcassets in Resources */ = {isa = PBXBuildFile; fileRef = D1DAFACC269201110056A5EE /* Assets.xcassets */; };
		D1DAFAD0269201110056A5EE /* LaunchScreen.storyboard in Resources */ = {isa = PBXBuildFile; fileRef = D1DAFACE269201110056A5EE /* LaunchScreen.storyboard */; };
		D1DAFADB269473B50056A5EE /* Schedule.swift in Sources */ = {isa = PBXBuildFile; fileRef = D1DAFADA269473B50056A5EE /* Schedule.swift */; };
/* End PBXBuildFile section */

/* Begin PBXFileReference section */
		63EAF1E1F45B74C4637BA4CF /* Pods-NCMBFSCalendarSample.release.xcconfig */ = {isa = PBXFileReference; includeInIndex = 1; lastKnownFileType = text.xcconfig; name = "Pods-NCMBFSCalendarSample.release.xcconfig"; path = "Target Support Files/Pods-NCMBFSCalendarSample/Pods-NCMBFSCalendarSample.release.xcconfig"; sourceTree = "<group>"; };
		97E33BFFAFF7D507F8CAE076 /* Pods-NCMBFSCalendarSample.debug.xcconfig */ = {isa = PBXFileReference; includeInIndex = 1; lastKnownFileType = text.xcconfig; name = "Pods-NCMBFSCalendarSample.debug.xcconfig"; path = "Target Support Files/Pods-NCMBFSCalendarSample/Pods-NCMBFSCalendarSample.debug.xcconfig"; sourceTree = "<group>"; };
		C127BA5735504135963F6D03 /* Pods_NCMBFSCalendarSample.framework */ = {isa = PBXFileReference; explicitFileType = wrapper.framework; includeInIndex = 0; path = Pods_NCMBFSCalendarSample.framework; sourceTree = BUILT_PRODUCTS_DIR; };
		D1DAFAC02692010F0056A5EE /* NCMBFSCalendarSample.app */ = {isa = PBXFileReference; explicitFileType = wrapper.application; includeInIndex = 0; path = NCMBFSCalendarSample.app; sourceTree = BUILT_PRODUCTS_DIR; };
		D1DAFAC32692010F0056A5EE /* AppDelegate.swift */ = {isa = PBXFileReference; lastKnownFileType = sourcecode.swift; path = AppDelegate.swift; sourceTree = "<group>"; };
		D1DAFAC52692010F0056A5EE /* SceneDelegate.swift */ = {isa = PBXFileReference; lastKnownFileType = sourcecode.swift; path = SceneDelegate.swift; sourceTree = "<group>"; };
		D1DAFAC72692010F0056A5EE /* ViewController.swift */ = {isa = PBXFileReference; lastKnownFileType = sourcecode.swift; path = ViewController.swift; sourceTree = "<group>"; };
		D1DAFACA2692010F0056A5EE /* Base */ = {isa = PBXFileReference; lastKnownFileType = file.storyboard; name = Base; path = Base.lproj/Main.storyboard; sourceTree = "<group>"; };
		D1DAFACC269201110056A5EE /* Assets.xcassets */ = {isa = PBXFileReference; lastKnownFileType = folder.assetcatalog; path = Assets.xcassets; sourceTree = "<group>"; };
		D1DAFACF269201110056A5EE /* Base */ = {isa = PBXFileReference; lastKnownFileType = file.storyboard; name = Base; path = Base.lproj/LaunchScreen.storyboard; sourceTree = "<group>"; };
		D1DAFAD1269201110056A5EE /* Info.plist */ = {isa = PBXFileReference; lastKnownFileType = text.plist.xml; path = Info.plist; sourceTree = "<group>"; };
		D1DAFADA269473B50056A5EE /* Schedule.swift */ = {isa = PBXFileReference; lastKnownFileType = sourcecode.swift; path = Schedule.swift; sourceTree = "<group>"; };
/* End PBXFileReference section */

/* Begin PBXFrameworksBuildPhase section */
		D1DAFABD2692010F0056A5EE /* Frameworks */ = {
			isa = PBXFrameworksBuildPhase;
			buildActionMask = 2147483647;
			files = (
				6855C4F97F78B38BC424D020 /* Pods_NCMBFSCalendarSample.framework in Frameworks */,
			);
			runOnlyForDeploymentPostprocessing = 0;
		};
/* End PBXFrameworksBuildPhase section */

/* Begin PBXGroup section */
		4A9AEFC488F60D800FC93F64 /* Frameworks */ = {
			isa = PBXGroup;
			children = (
				C127BA5735504135963F6D03 /* Pods_NCMBFSCalendarSample.framework */,
			);
			name = Frameworks;
			sourceTree = "<group>";
		};
		5000C7968C28DFCB589FC53B /* Pods */ = {
			isa = PBXGroup;
			children = (
				97E33BFFAFF7D507F8CAE076 /* Pods-NCMBFSCalendarSample.debug.xcconfig */,
				63EAF1E1F45B74C4637BA4CF /* Pods-NCMBFSCalendarSample.release.xcconfig */,
			);
			path = Pods;
			sourceTree = "<group>";
		};
		D1DAFAB72692010F0056A5EE = {
			isa = PBXGroup;
			children = (
				D1DAFAC22692010F0056A5EE /* NCMBFSCalendarSample */,
				D1DAFAC12692010F0056A5EE /* Products */,
				5000C7968C28DFCB589FC53B /* Pods */,
				4A9AEFC488F60D800FC93F64 /* Frameworks */,
			);
			sourceTree = "<group>";
		};
		D1DAFAC12692010F0056A5EE /* Products */ = {
			isa = PBXGroup;
			children = (
				D1DAFAC02692010F0056A5EE /* NCMBFSCalendarSample.app */,
			);
			name = Products;
			sourceTree = "<group>";
		};
		D1DAFAC22692010F0056A5EE /* NCMBFSCalendarSample */ = {
			isa = PBXGroup;
			children = (
				D1DAFAC32692010F0056A5EE /* AppDelegate.swift */,
				D1DAFAC52692010F0056A5EE /* SceneDelegate.swift */,
				D1DAFAD9269472AA0056A5EE /* Model */,
				D1DAFAD82694729A0056A5EE /* View */,
				D1DAFAD72694726A0056A5EE /* Controller */,
				D1DAFACC269201110056A5EE /* Assets.xcassets */,
				D1DAFACE269201110056A5EE /* LaunchScreen.storyboard */,
				D1DAFAD1269201110056A5EE /* Info.plist */,
			);
			path = NCMBFSCalendarSample;
			sourceTree = "<group>";
		};
		D1DAFAD72694726A0056A5EE /* Controller */ = {
			isa = PBXGroup;
			children = (
				D1DAFAC72692010F0056A5EE /* ViewController.swift */,
			);
			path = Controller;
			sourceTree = "<group>";
		};
		D1DAFAD82694729A0056A5EE /* View */ = {
			isa = PBXGroup;
			children = (
				D1DAFAC92692010F0056A5EE /* Main.storyboard */,
			);
			path = View;
			sourceTree = "<group>";
		};
		D1DAFAD9269472AA0056A5EE /* Model */ = {
			isa = PBXGroup;
			children = (
				D1DAFADA269473B50056A5EE /* Schedule.swift */,
			);
			path = Model;
			sourceTree = "<group>";
		};
/* End PBXGroup section */

/* Begin PBXNativeTarget section */
		D1DAFABF2692010F0056A5EE /* NCMBFSCalendarSample */ = {
			isa = PBXNativeTarget;
			buildConfigurationList = D1DAFAD4269201110056A5EE /* Build configuration list for PBXNativeTarget "NCMBFSCalendarSample" */;
			buildPhases = (
				CD17BD657EA0241738C6D212 /* [CP] Check Pods Manifest.lock */,
				D1DAFABC2692010F0056A5EE /* Sources */,
				D1DAFABD2692010F0056A5EE /* Frameworks */,
				D1DAFABE2692010F0056A5EE /* Resources */,
				36C63B15F5B0A258E56CAFE4 /* [CP] Embed Pods Frameworks */,
			);
			buildRules = (
			);
			dependencies = (
			);
			name = NCMBFSCalendarSample;
			productName = NCMBFSCalendarSample;
			productReference = D1DAFAC02692010F0056A5EE /* NCMBFSCalendarSample.app */;
			productType = "com.apple.product-type.application";
		};
/* End PBXNativeTarget section */

/* Begin PBXProject section */
		D1DAFAB82692010F0056A5EE /* Project object */ = {
			isa = PBXProject;
			attributes = {
				LastSwiftUpdateCheck = 1250;
				LastUpgradeCheck = 1250;
				TargetAttributes = {
					D1DAFABF2692010F0056A5EE = {
						CreatedOnToolsVersion = 12.5.1;
					};
				};
			};
			buildConfigurationList = D1DAFABB2692010F0056A5EE /* Build configuration list for PBXProject "NCMBFSCalendarSample" */;
			compatibilityVersion = "Xcode 9.3";
			developmentRegion = en;
			hasScannedForEncodings = 0;
			knownRegions = (
				en,
				Base,
			);
			mainGroup = D1DAFAB72692010F0056A5EE;
			productRefGroup = D1DAFAC12692010F0056A5EE /* Products */;
			projectDirPath = "";
			projectRoot = "";
			targets = (
				D1DAFABF2692010F0056A5EE /* NCMBFSCalendarSample */,
			);
		};
/* End PBXProject section */

/* Begin PBXResourcesBuildPhase section */
		D1DAFABE2692010F0056A5EE /* Resources */ = {
			isa = PBXResourcesBuildPhase;
			buildActionMask = 2147483647;
			files = (
				D1DAFAD0269201110056A5EE /* LaunchScreen.storyboard in Resources */,
				D1DAFACD269201110056A5EE /* Assets.xcassets in Resources */,
				D1DAFACB2692010F0056A5EE /* Main.storyboard in Resources */,
			);
			runOnlyForDeploymentPostprocessing = 0;
		};
/* End PBXResourcesBuildPhase section */

/* Begin PBXShellScriptBuildPhase section */
		36C63B15F5B0A258E56CAFE4 /* [CP] Embed Pods Frameworks */ = {
			isa = PBXShellScriptBuildPhase;
			buildActionMask = 2147483647;
			files = (
			);
			inputFileListPaths = (
				"${PODS_ROOT}/Target Support Files/Pods-NCMBFSCalendarSample/Pods-NCMBFSCalendarSample-frameworks-${CONFIGURATION}-input-files.xcfilelist",
			);
			name = "[CP] Embed Pods Frameworks";
			outputFileListPaths = (
				"${PODS_ROOT}/Target Support Files/Pods-NCMBFSCalendarSample/Pods-NCMBFSCalendarSample-frameworks-${CONFIGURATION}-output-files.xcfilelist",
			);
			runOnlyForDeploymentPostprocessing = 0;
			shellPath = /bin/sh;
			shellScript = "\"${PODS_ROOT}/Target Support Files/Pods-NCMBFSCalendarSample/Pods-NCMBFSCalendarSample-frameworks.sh\"\n";
			showEnvVarsInLog = 0;
		};
		CD17BD657EA0241738C6D212 /* [CP] Check Pods Manifest.lock */ = {
			isa = PBXShellScriptBuildPhase;
			buildActionMask = 2147483647;
			files = (
			);
			inputFileListPaths = (
			);
			inputPaths = (
				"${PODS_PODFILE_DIR_PATH}/Podfile.lock",
				"${PODS_ROOT}/Manifest.lock",
			);
			name = "[CP] Check Pods Manifest.lock";
			outputFileListPaths = (
			);
			outputPaths = (
				"$(DERIVED_FILE_DIR)/Pods-NCMBFSCalendarSample-checkManifestLockResult.txt",
			);
			runOnlyForDeploymentPostprocessing = 0;
			shellPath = /bin/sh;
			shellScript = "diff \"${PODS_PODFILE_DIR_PATH}/Podfile.lock\" \"${PODS_ROOT}/Manifest.lock\" > /dev/null\nif [ $? != 0 ] ; then\n    # print error to STDERR\n    echo \"error: The sandbox is not in sync with the Podfile.lock. Run 'pod install' or update your CocoaPods installation.\" >&2\n    exit 1\nfi\n# This output is used by Xcode 'outputs' to avoid re-running this script phase.\necho \"SUCCESS\" > \"${SCRIPT_OUTPUT_FILE_0}\"\n";
			showEnvVarsInLog = 0;
		};
/* End PBXShellScriptBuildPhase section */

/* Begin PBXSourcesBuildPhase section */
		D1DAFABC2692010F0056A5EE /* Sources */ = {
			isa = PBXSourcesBuildPhase;
			buildActionMask = 2147483647;
			files = (
				D1DAFAC82692010F0056A5EE /* ViewController.swift in Sources */,
				D1DAFAC42692010F0056A5EE /* AppDelegate.swift in Sources */,
				D1DAFADB269473B50056A5EE /* Schedule.swift in Sources */,
				D1DAFAC62692010F0056A5EE /* SceneDelegate.swift in Sources */,
			);
			runOnlyForDeploymentPostprocessing = 0;
		};
/* End PBXSourcesBuildPhase section */

/* Begin PBXVariantGroup section */
		D1DAFAC92692010F0056A5EE /* Main.storyboard */ = {
			isa = PBXVariantGroup;
			children = (
				D1DAFACA2692010F0056A5EE /* Base */,
			);
			name = Main.storyboard;
			sourceTree = "<group>";
		};
		D1DAFACE269201110056A5EE /* LaunchScreen.storyboard */ = {
			isa = PBXVariantGroup;
			children = (
				D1DAFACF269201110056A5EE /* Base */,
			);
			name = LaunchScreen.storyboard;
			sourceTree = "<group>";
		};
/* End PBXVariantGroup section */

/* Begin XCBuildConfiguration section */
		D1DAFAD2269201110056A5EE /* Debug */ = {
			isa = XCBuildConfiguration;
			buildSettings = {
				ALWAYS_SEARCH_USER_PATHS = NO;
				CLANG_ANALYZER_NONNULL = YES;
				CLANG_ANALYZER_NUMBER_OBJECT_CONVERSION = YES_AGGRESSIVE;
				CLANG_CXX_LANGUAGE_STANDARD = "gnu++14";
				CLANG_CXX_LIBRARY = "libc++";
				CLANG_ENABLE_MODULES = YES;
				CLANG_ENABLE_OBJC_ARC = YES;
				CLANG_ENABLE_OBJC_WEAK = YES;
				CLANG_WARN_BLOCK_CAPTURE_AUTORELEASING = YES;
				CLANG_WARN_BOOL_CONVERSION = YES;
				CLANG_WARN_COMMA = YES;
				CLANG_WARN_CONSTANT_CONVERSION = YES;
				CLANG_WARN_DEPRECATED_OBJC_IMPLEMENTATIONS = YES;
				CLANG_WARN_DIRECT_OBJC_ISA_USAGE = YES_ERROR;
				CLANG_WARN_DOCUMENTATION_COMMENTS = YES;
				CLANG_WARN_EMPTY_BODY = YES;
				CLANG_WARN_ENUM_CONVERSION = YES;
				CLANG_WARN_INFINITE_RECURSION = YES;
				CLANG_WARN_INT_CONVERSION = YES;
				CLANG_WARN_NON_LITERAL_NULL_CONVERSION = YES;
				CLANG_WARN_OBJC_IMPLICIT_RETAIN_SELF = YES;
				CLANG_WARN_OBJC_LITERAL_CONVERSION = YES;
				CLANG_WARN_OBJC_ROOT_CLASS = YES_ERROR;
				CLANG_WARN_QUOTED_INCLUDE_IN_FRAMEWORK_HEADER = YES;
				CLANG_WARN_RANGE_LOOP_ANALYSIS = YES;
				CLANG_WARN_STRICT_PROTOTYPES = YES;
				CLANG_WARN_SUSPICIOUS_MOVE = YES;
				CLANG_WARN_UNGUARDED_AVAILABILITY = YES_AGGRESSIVE;
				CLANG_WARN_UNREACHABLE_CODE = YES;
				CLANG_WARN__DUPLICATE_METHOD_MATCH = YES;
				COPY_PHASE_STRIP = NO;
				DEBUG_INFORMATION_FORMAT = dwarf;
				ENABLE_STRICT_OBJC_MSGSEND = YES;
				ENABLE_TESTABILITY = YES;
				GCC_C_LANGUAGE_STANDARD = gnu11;
				GCC_DYNAMIC_NO_PIC = NO;
				GCC_NO_COMMON_BLOCKS = YES;
				GCC_OPTIMIZATION_LEVEL = 0;
				GCC_PREPROCESSOR_DEFINITIONS = (
					"DEBUG=1",
					"$(inherited)",
				);
				GCC_WARN_64_TO_32_BIT_CONVERSION = YES;
				GCC_WARN_ABOUT_RETURN_TYPE = YES_ERROR;
				GCC_WARN_UNDECLARED_SELECTOR = YES;
				GCC_WARN_UNINITIALIZED_AUTOS = YES_AGGRESSIVE;
				GCC_WARN_UNUSED_FUNCTION = YES;
				GCC_WARN_UNUSED_VARIABLE = YES;
				IPHONEOS_DEPLOYMENT_TARGET = 14.5;
				MTL_ENABLE_DEBUG_INFO = INCLUDE_SOURCE;
				MTL_FAST_MATH = YES;
				ONLY_ACTIVE_ARCH = YES;
				SDKROOT = iphoneos;
				SWIFT_ACTIVE_COMPILATION_CONDITIONS = DEBUG;
				SWIFT_OPTIMIZATION_LEVEL = "-Onone";
			};
			name = Debug;
		};
		D1DAFAD3269201110056A5EE /* Release */ = {
			isa = XCBuildConfiguration;
			buildSettings = {
				ALWAYS_SEARCH_USER_PATHS = NO;
				CLANG_ANALYZER_NONNULL = YES;
				CLANG_ANALYZER_NUMBER_OBJECT_CONVERSION = YES_AGGRESSIVE;
				CLANG_CXX_LANGUAGE_STANDARD = "gnu++14";
				CLANG_CXX_LIBRARY = "libc++";
				CLANG_ENABLE_MODULES = YES;
				CLANG_ENABLE_OBJC_ARC = YES;
				CLANG_ENABLE_OBJC_WEAK = YES;
				CLANG_WARN_BLOCK_CAPTURE_AUTORELEASING = YES;
				CLANG_WARN_BOOL_CONVERSION = YES;
				CLANG_WARN_COMMA = YES;
				CLANG_WARN_CONSTANT_CONVERSION = YES;
				CLANG_WARN_DEPRECATED_OBJC_IMPLEMENTATIONS = YES;
				CLANG_WARN_DIRECT_OBJC_ISA_USAGE = YES_ERROR;
				CLANG_WARN_DOCUMENTATION_COMMENTS = YES;
				CLANG_WARN_EMPTY_BODY = YES;
				CLANG_WARN_ENUM_CONVERSION = YES;
				CLANG_WARN_INFINITE_RECURSION = YES;
				CLANG_WARN_INT_CONVERSION = YES;
				CLANG_WARN_NON_LITERAL_NULL_CONVERSION = YES;
				CLANG_WARN_OBJC_IMPLICIT_RETAIN_SELF = YES;
				CLANG_WARN_OBJC_LITERAL_CONVERSION = YES;
				CLANG_WARN_OBJC_ROOT_CLASS = YES_ERROR;
				CLANG_WARN_QUOTED_INCLUDE_IN_FRAMEWORK_HEADER = YES;
				CLANG_WARN_RANGE_LOOP_ANALYSIS = YES;
				CLANG_WARN_STRICT_PROTOTYPES = YES;
				CLANG_WARN_SUSPICIOUS_MOVE = YES;
				CLANG_WARN_UNGUARDED_AVAILABILITY = YES_AGGRESSIVE;
				CLANG_WARN_UNREACHABLE_CODE = YES;
				CLANG_WARN__DUPLICATE_METHOD_MATCH = YES;
				COPY_PHASE_STRIP = NO;
				DEBUG_INFORMATION_FORMAT = "dwarf-with-dsym";
				ENABLE_NS_ASSERTIONS = NO;
				ENABLE_STRICT_OBJC_MSGSEND = YES;
				GCC_C_LANGUAGE_STANDARD = gnu11;
				GCC_NO_COMMON_BLOCKS = YES;
				GCC_WARN_64_TO_32_BIT_CONVERSION = YES;
				GCC_WARN_ABOUT_RETURN_TYPE = YES_ERROR;
				GCC_WARN_UNDECLARED_SELECTOR = YES;
				GCC_WARN_UNINITIALIZED_AUTOS = YES_AGGRESSIVE;
				GCC_WARN_UNUSED_FUNCTION = YES;
				GCC_WARN_UNUSED_VARIABLE = YES;
				IPHONEOS_DEPLOYMENT_TARGET = 14.5;
				MTL_ENABLE_DEBUG_INFO = NO;
				MTL_FAST_MATH = YES;
				SDKROOT = iphoneos;
				SWIFT_COMPILATION_MODE = wholemodule;
				SWIFT_OPTIMIZATION_LEVEL = "-O";
				VALIDATE_PRODUCT = YES;
			};
			name = Release;
		};
		D1DAFAD5269201110056A5EE /* Debug */ = {
			isa = XCBuildConfiguration;
			baseConfigurationReference = 97E33BFFAFF7D507F8CAE076 /* Pods-NCMBFSCalendarSample.debug.xcconfig */;
			buildSettings = {
				ASSETCATALOG_COMPILER_APPICON_NAME = AppIcon;
				ASSETCATALOG_COMPILER_GLOBAL_ACCENT_COLOR_NAME = AccentColor;
				CODE_SIGN_STYLE = Automatic;
				INFOPLIST_FILE = NCMBFSCalendarSample/Info.plist;
				LD_RUNPATH_SEARCH_PATHS = (
					"$(inherited)",
					"@executable_path/Frameworks",
				);
				PRODUCT_BUNDLE_IDENTIFIER = com.tomotaka.NCMBFSCalendarSample;
				PRODUCT_NAME = "$(TARGET_NAME)";
				SWIFT_VERSION = 5.0;
				TARGETED_DEVICE_FAMILY = "1,2";
			};
			name = Debug;
		};
		D1DAFAD6269201110056A5EE /* Release */ = {
			isa = XCBuildConfiguration;
			baseConfigurationReference = 63EAF1E1F45B74C4637BA4CF /* Pods-NCMBFSCalendarSample.release.xcconfig */;
			buildSettings = {
				ASSETCATALOG_COMPILER_APPICON_NAME = AppIcon;
				ASSETCATALOG_COMPILER_GLOBAL_ACCENT_COLOR_NAME = AccentColor;
				CODE_SIGN_STYLE = Automatic;
				INFOPLIST_FILE = NCMBFSCalendarSample/Info.plist;
				LD_RUNPATH_SEARCH_PATHS = (
					"$(inherited)",
					"@executable_path/Frameworks",
				);
				PRODUCT_BUNDLE_IDENTIFIER = com.tomotaka.NCMBFSCalendarSample;
				PRODUCT_NAME = "$(TARGET_NAME)";
				SWIFT_VERSION = 5.0;
				TARGETED_DEVICE_FAMILY = "1,2";
			};
			name = Release;
		};
/* End XCBuildConfiguration section */

/* Begin XCConfigurationList section */
		D1DAFABB2692010F0056A5EE /* Build configuration list for PBXProject "NCMBFSCalendarSample" */ = {
			isa = XCConfigurationList;
			buildConfigurations = (
				D1DAFAD2269201110056A5EE /* Debug */,
				D1DAFAD3269201110056A5EE /* Release */,
			);
			defaultConfigurationIsVisible = 0;
			defaultConfigurationName = Release;
		};
		D1DAFAD4269201110056A5EE /* Build configuration list for PBXNativeTarget "NCMBFSCalendarSample" */ = {
			isa = XCConfigurationList;
			buildConfigurations = (
				D1DAFAD5269201110056A5EE /* Debug */,
				D1DAFAD6269201110056A5EE /* Release */,
			);
			defaultConfigurationIsVisible = 0;
			defaultConfigurationName = Release;
		};
/* End XCConfigurationList section */
	};
	rootObject = D1DAFAB82692010F0056A5EE /* Project object */;
}
